
Microsoft Visual Studio Solution File, Format Version 12.00
# Visual Studio 15
VisualStudioVersion = 15.0.28307.539
MinimumVisualStudioVersion = 10.0.40219.1
Project("{9A19103F-16F7-4668-BE54-9A1E7A4F7556}") = "RadiSharp", "RadiSharp\RadiSharp.csproj", "{0083B8C8-5C02-4E07-8839-11C1612CE23E}"
EndProject
Global
	GlobalSection(SolutionConfigurationPlatforms) = preSolution
		Debug|Any CPU = Debug|Any CPU
		Release|Any CPU = Release|Any CPU
	EndGlobalSection
	GlobalSection(ProjectConfigurationPlatforms) = postSolution
		{0083B8C8-5C02-4E07-8839-11C1612CE23E}.Debug|Any CPU.ActiveCfg = Debug|Any CPU
		{0083B8C8-5C02-4E07-8839-11C1612CE23E}.Debug|Any CPU.Build.0 = Debug|Any CPU
		{0083B8C8-5C02-4E07-8839-11C1612CE23E}.Release|Any CPU.ActiveCfg = Release|Any CPU
		{0083B8C8-5C02-4E07-8839-11C1612CE23E}.Release|Any CPU.Build.0 = Release|Any CPU
	EndGlobalSection
	GlobalSection(SolutionProperties) = preSolution
		HideSolutionNode = FALSE
	EndGlobalSection
	GlobalSection(ExtensibilityGlobals) = postSolution
		SolutionGuid = {D9511F4A-05A4-4031-AE31-2567FEC126F5}
	EndGlobalSection
EndGlobal
