
Microsoft Visual Studio Solution File, Format Version 12.00
# Visual Studio 15
VisualStudioVersion = 15.0.28307.271
MinimumVisualStudioVersion = 10.0.40219.1
Project("{9A19103F-16F7-4668-BE54-9A1E7A4F7556}") = "RadiSharp", "RadiSharp\RadiSharp.csproj", "{B2D2C444-B4D2-4F2E-AD0C-B39D6F11ABEE}"
EndProject
Project("{FAE04EC0-301F-11D3-BF4B-00C04F79EFBC}") = "RadiSharpConsoleApp", "RadiSharpConsoleApp\RadiSharpConsoleApp.csproj", "{0C6973D1-EB7E-491B-A2A0-07CB46FFD698}"
EndProject
Global
	GlobalSection(SolutionConfigurationPlatforms) = preSolution
		Debug|Any CPU = Debug|Any CPU
		Release|Any CPU = Release|Any CPU
	EndGlobalSection
	GlobalSection(ProjectConfigurationPlatforms) = postSolution
		{B2D2C444-B4D2-4F2E-AD0C-B39D6F11ABEE}.Debug|Any CPU.ActiveCfg = Debug|Any CPU
		{B2D2C444-B4D2-4F2E-AD0C-B39D6F11ABEE}.Debug|Any CPU.Build.0 = Debug|Any CPU
		{B2D2C444-B4D2-4F2E-AD0C-B39D6F11ABEE}.Release|Any CPU.ActiveCfg = Release|Any CPU
		{B2D2C444-B4D2-4F2E-AD0C-B39D6F11ABEE}.Release|Any CPU.Build.0 = Release|Any CPU
		{0C6973D1-EB7E-491B-A2A0-07CB46FFD698}.Debug|Any CPU.ActiveCfg = Debug|Any CPU
		{0C6973D1-EB7E-491B-A2A0-07CB46FFD698}.Debug|Any CPU.Build.0 = Debug|Any CPU
		{0C6973D1-EB7E-491B-A2A0-07CB46FFD698}.Release|Any CPU.ActiveCfg = Release|Any CPU
		{0C6973D1-EB7E-491B-A2A0-07CB46FFD698}.Release|Any CPU.Build.0 = Release|Any CPU
	EndGlobalSection
	GlobalSection(SolutionProperties) = preSolution
		HideSolutionNode = FALSE
	EndGlobalSection
	GlobalSection(ExtensibilityGlobals) = postSolution
		SolutionGuid = {87FCCBC2-9A34-4F36-B59C-90F84C44C79A}
	EndGlobalSection
EndGlobal
